{
    "_readme": [
        "This file locks the dependencies of your project to a known state",
        "Read more about it at https://getcomposer.org/doc/01-basic-usage.md#installing-dependencies",
        "This file is @generated automatically"
    ],
    "content-hash": "dcf032f37ae374ef105356030d7fd292",
    "packages": [
        {
            "name": "byjg/anydataset",
            "version": "4.0.1.x-dev",
            "source": {
                "type": "git",
                "url": "https://github.com/byjg/anydataset.git",
                "reference": "ccb0b68d28e900e7b3e87371d61a56e142bf3afb"
            },
            "dist": {
                "type": "zip",
                "url": "https://api.github.com/repos/byjg/anydataset/zipball/ccb0b68d28e900e7b3e87371d61a56e142bf3afb",
                "reference": "ccb0b68d28e900e7b3e87371d61a56e142bf3afb",
                "shasum": ""
            },
            "require": {
                "byjg/serializer": "1.0.*",
                "byjg/xmlutil": "1.0.*",
                "php": ">=5.6.0"
            },
            "require-dev": {
                "phpunit/phpunit": "5.7.*|7.4.*"
            },
            "suggest": {
                "ext-dom": "*"
            },
            "type": "library",
            "autoload": {
                "psr-4": {
                    "ByJG\\AnyDataset\\Core\\": "src/"
                }
            },
            "notification-url": "https://packagist.org/downloads/",
            "license": [
                "MIT"
            ],
            "authors": [
                {
                    "name": "João Gilberto Magalhães",
                    "email": "joao@byjg.com.br"
                }
            ],
            "description": "Anydataset is an agnostic data source abstraction layer in PHP. Core Module.",
            "time": "2020-04-11T16:45:01+00:00"
        },
        {
            "name": "byjg/anydataset-array",
            "version": "4.0.0",
            "source": {
                "type": "git",
                "url": "https://github.com/byjg/anydataset-array.git",
                "reference": "e66aa343b8ccd32baec0545120ea9948e1d0b0c5"
            },
            "dist": {
                "type": "zip",
                "url": "https://api.github.com/repos/byjg/anydataset-array/zipball/e66aa343b8ccd32baec0545120ea9948e1d0b0c5",
                "reference": "e66aa343b8ccd32baec0545120ea9948e1d0b0c5",
                "shasum": ""
            },
            "require": {
                "byjg/anydataset": "4.0.*",
                "php": ">=5.6.0"
            },
            "require-dev": {
                "phpunit/phpunit": ">5.7"
            },
            "type": "library",
            "autoload": {
                "psr-4": {
                    "ByJG\\AnyDataset\\Lists\\": "src/"
                }
            },
            "notification-url": "https://packagist.org/downloads/",
            "license": [
                "MIT"
            ],
            "authors": [
                {
                    "name": "João Gilberto Magalhães",
                    "email": "joao@byjg.com.br"
                }
            ],
            "description": "Anydataset Array abstraction. Anydataset is an agnostic data source abstraction layer in PHP.",
            "time": "2018-11-24T15:20:06+00:00"
        },
        {
            "name": "byjg/anydataset-db",
            "version": "4.0.4.x-dev",
            "source": {
                "type": "git",
                "url": "https://github.com/byjg/anydataset-db.git",
                "reference": "209952cad1d5d3f4d7d79b42ce703bb38dbb7ea4"
            },
            "dist": {
                "type": "zip",
                "url": "https://api.github.com/repos/byjg/anydataset-db/zipball/209952cad1d5d3f4d7d79b42ce703bb38dbb7ea4",
                "reference": "209952cad1d5d3f4d7d79b42ce703bb38dbb7ea4",
                "shasum": ""
            },
            "require": {
                "byjg/anydataset": "4.0.*",
                "byjg/anydataset-array": "4.0.*",
                "byjg/uri": "2.0.*",
                "ext-pdo": "*",
                "php": ">=5.6.0",
                "psr/cache": "1.0.*"
            },
            "require-dev": {
                "byjg/cache-engine": "4.0.*",
                "phpunit/phpunit": "5.7.*|7.4.*"
            },
            "suggest": {
                "byjg/cache-engine": "4.0.*",
                "ext-curl": "*",
                "ext-oci8": "*",
                "ext-pdo_mysql": "*",
                "ext-pdo_pgsql": "*"
            },
            "type": "library",
            "autoload": {
                "psr-4": {
                    "ByJG\\AnyDataset\\Db\\": "src/"
                }
            },
            "notification-url": "https://packagist.org/downloads/",
            "license": [
                "MIT"
            ],
            "authors": [
                {
                    "name": "João Gilberto Magalhães",
                    "email": "joao@byjg.com.br"
                }
            ],
            "description": "Anydataset Database Relational abstraction. Anydataset is an agnostic data source abstraction layer in PHP.",
            "time": "2020-04-02T07:08:00+00:00"
        },
        {
            "name": "byjg/migration",
            "version": "4.0.3.x-dev",
            "source": {
                "type": "git",
                "url": "https://github.com/byjg/migration.git",
                "reference": "e1e2c12bebabe6a35d238e8bfff7e82f9f1e6cfd"
            },
            "dist": {
                "type": "zip",
                "url": "https://api.github.com/repos/byjg/migration/zipball/e1e2c12bebabe6a35d238e8bfff7e82f9f1e6cfd",
                "reference": "e1e2c12bebabe6a35d238e8bfff7e82f9f1e6cfd",
                "shasum": ""
            },
            "require": {
                "byjg/anydataset-db": "4.0.*",
                "ext-pdo": "*"
            },
            "require-dev": {
                "phpunit/phpunit": "5.7.*|7.4.*"
            },
            "type": "library",
            "autoload": {
                "psr-4": {
                    "ByJG\\DbMigration\\": "src/"
                }
            },
            "notification-url": "https://packagist.org/downloads/",
            "license": [
                "MIT"
            ],
            "authors": [
                {
                    "name": "jg",
                    "email": "joao@byjg.com.br"
                }
            ],
            "description": "Simple library in PHP for database version control. Supports Sqlite, MySql, Sql Server and Postgres.",
            "time": "2020-04-02T05:55:04+00:00"
        },
        {
            "name": "byjg/serializer",
            "version": "1.0.7",
            "source": {
                "type": "git",
                "url": "https://github.com/byjg/serializer.git",
                "reference": "229882fbe5efe0edf195937a39aa2d48912a3f8d"
            },
            "dist": {
                "type": "zip",
                "url": "https://api.github.com/repos/byjg/serializer/zipball/229882fbe5efe0edf195937a39aa2d48912a3f8d",
                "reference": "229882fbe5efe0edf195937a39aa2d48912a3f8d",
                "shasum": ""
            },
            "require": {
                "ext-json": "*",
                "php": ">=5.5"
            },
            "require-dev": {
                "phpunit/phpunit": ">5.7"
            },
            "suggest": {
                "ext-curl": "*"
            },
            "type": "library",
            "autoload": {
                "psr-4": {
                    "ByJG\\Serializer\\": "src/",
                    "Tests\\": "tests"
                }
            },
            "notification-url": "https://packagist.org/downloads/",
            "license": [
                "MIT"
            ],
            "authors": [
                {
                    "name": "João Gilberto Magalhães",
                    "email": "joao@byjg.com.br"
                }
            ],
            "description": "Serialize any object into array and format it JSON or XML",
            "time": "2018-03-09T05:59:31+00:00"
        },
        {
            "name": "byjg/uri",
            "version": "2.0.1.x-dev",
            "source": {
                "type": "git",
                "url": "https://github.com/byjg/uri.git",
                "reference": "0761c2228ff5b0f8494a465af21c025f9a0001ba"
            },
            "dist": {
                "type": "zip",
                "url": "https://api.github.com/repos/byjg/uri/zipball/0761c2228ff5b0f8494a465af21c025f9a0001ba",
                "reference": "0761c2228ff5b0f8494a465af21c025f9a0001ba",
                "shasum": ""
            },
            "require": {
                "php": ">=5.4.0",
                "psr/http-message": "~1.0"
            },
            "require-dev": {
                "phpunit/phpunit": "5.7.*|7.4.*"
            },
            "type": "library",
            "autoload": {
                "psr-4": {
                    "ByJG\\Util\\": "src/"
                }
            },
            "notification-url": "https://packagist.org/downloads/",
            "license": [
                "MIT"
            ],
            "authors": [
                {
                    "name": "João Gilberto Magalhães",
                    "email": "joao@byjg.com.br"
                }
            ],
            "description": "An implementation of PSR UriInterface ",
            "time": "2020-04-07T05:34:31+00:00"
        },
        {
            "name": "byjg/xmlutil",
            "version": "1.0.6",
            "source": {
                "type": "git",
                "url": "https://github.com/byjg/xmlutil.git",
                "reference": "9f82339931252b7990596d07f365c765e3dbbad3"
            },
            "dist": {
                "type": "zip",
                "url": "https://api.github.com/repos/byjg/xmlutil/zipball/9f82339931252b7990596d07f365c765e3dbbad3",
                "reference": "9f82339931252b7990596d07f365c765e3dbbad3",
                "shasum": ""
            },
            "require": {
                "php": ">=5.4.0"
            },
            "require-dev": {
                "phpunit/phpunit": ">5.7"
            },
            "type": "library",
            "autoload": {
                "psr-4": {
                    "ByJG\\Util\\": "src/"
                }
            },
            "notification-url": "https://packagist.org/downloads/",
            "license": [
                "MIT"
            ],
            "authors": [
                {
                    "name": "João Gilberto Magalhães",
                    "email": "joao@byjg.com.br"
                }
            ],
            "description": "A utility class to make easy work with XML in PHP.",
            "time": "2018-03-10T14:43:36+00:00"
        },
        {
            "name": "guzzlehttp/guzzle",
            "version": "6.5.x-dev",
            "source": {
                "type": "git",
                "url": "https://github.com/guzzle/guzzle.git",
                "reference": "aab4ebd862aa7d04f01a4b51849d657db56d882e"
            },
            "dist": {
                "type": "zip",
                "url": "https://api.github.com/repos/guzzle/guzzle/zipball/aab4ebd862aa7d04f01a4b51849d657db56d882e",
                "reference": "aab4ebd862aa7d04f01a4b51849d657db56d882e",
                "shasum": ""
            },
            "require": {
                "ext-json": "*",
                "guzzlehttp/promises": "^1.0",
                "guzzlehttp/psr7": "^1.6.1",
                "php": ">=5.5",
                "symfony/polyfill-intl-idn": "^1.11"
            },
            "require-dev": {
                "ext-curl": "*",
                "phpunit/phpunit": "^4.8.35 || ^5.7 || ^6.4 || ^7.0",
                "psr/log": "^1.1"
            },
            "suggest": {
                "psr/log": "Required for using the Log middleware"
            },
            "type": "library",
            "extra": {
                "branch-alias": {
                    "dev-master": "6.5-dev"
                }
            },
            "autoload": {
                "psr-4": {
                    "GuzzleHttp\\": "src/"
                },
                "files": [
                    "src/functions_include.php"
                ]
            },
            "notification-url": "https://packagist.org/downloads/",
            "license": [
                "MIT"
            ],
            "authors": [
                {
                    "name": "Michael Dowling",
                    "email": "mtdowling@gmail.com",
                    "homepage": "https://github.com/mtdowling"
                }
            ],
            "description": "Guzzle is a PHP HTTP client library",
            "homepage": "http://guzzlephp.org/",
            "keywords": [
                "client",
                "curl",
                "framework",
                "http",
                "http client",
                "rest",
                "web service"
            ],
            "time": "2020-04-18T10:38:46+00:00"
        },
        {
            "name": "guzzlehttp/promises",
            "version": "dev-master",
            "source": {
                "type": "git",
                "url": "https://github.com/guzzle/promises.git",
                "reference": "89b1a76b7fda5853401297dc4b2a093cba1fda23"
            },
            "dist": {
                "type": "zip",
                "url": "https://api.github.com/repos/guzzle/promises/zipball/89b1a76b7fda5853401297dc4b2a093cba1fda23",
                "reference": "89b1a76b7fda5853401297dc4b2a093cba1fda23",
                "shasum": ""
            },
            "require": {
                "php": ">=5.6"
            },
            "require-dev": {
                "phpunit/phpunit": "^5.7.27 || ^7.5"
            },
            "type": "library",
            "extra": {
                "branch-alias": {
                    "dev-master": "1.4-dev"
                }
            },
            "autoload": {
                "psr-4": {
                    "GuzzleHttp\\Promise\\": "src/"
                },
                "files": [
                    "src/functions_include.php"
                ]
            },
            "notification-url": "https://packagist.org/downloads/",
            "license": [
                "MIT"
            ],
            "authors": [
                {
                    "name": "Michael Dowling",
                    "email": "mtdowling@gmail.com",
                    "homepage": "https://github.com/mtdowling"
                }
            ],
            "description": "Guzzle promises library",
            "keywords": [
                "promise"
            ],
            "time": "2020-02-15T23:33:03+00:00"
        },
        {
            "name": "guzzlehttp/psr7",
            "version": "1.x-dev",
            "source": {
                "type": "git",
                "url": "https://github.com/guzzle/psr7.git",
                "reference": "c73b502efd02beb2602500aa36793fb405e383ac"
            },
            "dist": {
                "type": "zip",
                "url": "https://api.github.com/repos/guzzle/psr7/zipball/c73b502efd02beb2602500aa36793fb405e383ac",
                "reference": "c73b502efd02beb2602500aa36793fb405e383ac",
                "shasum": ""
            },
            "require": {
                "php": ">=5.4.0",
                "psr/http-message": "~1.0",
                "ralouphie/getallheaders": "^2.0.5 || ^3.0.0"
            },
            "provide": {
                "psr/http-message-implementation": "1.0"
            },
            "require-dev": {
                "ext-zlib": "*",
                "phpunit/phpunit": "~4.8.36 || ^5.7.27 || ^6.5.8"
            },
            "suggest": {
                "laminas/laminas-httphandlerrunner": "Emit PSR-7 responses"
            },
            "type": "library",
            "extra": {
                "branch-alias": {
                    "dev-master": "1.6-dev"
                }
            },
            "autoload": {
                "psr-4": {
                    "GuzzleHttp\\Psr7\\": "src/"
                },
                "files": [
                    "src/functions_include.php"
                ]
            },
            "notification-url": "https://packagist.org/downloads/",
            "license": [
                "MIT"
            ],
            "authors": [
                {
                    "name": "Michael Dowling",
                    "email": "mtdowling@gmail.com",
                    "homepage": "https://github.com/mtdowling"
                },
                {
                    "name": "Tobias Schultze",
                    "homepage": "https://github.com/Tobion"
                }
            ],
            "description": "PSR-7 message implementation that also provides common utility methods",
            "keywords": [
                "http",
                "message",
                "psr-7",
                "request",
                "response",
                "stream",
                "uri",
                "url"
            ],
            "time": "2020-02-12T23:13:46+00:00"
        },
        {
            "name": "hubspot/api-client",
            "version": "1.0.0-beta",
            "dist": {
                "type": "path",
                "url": "/sdk",
                "reference": "379915953db2196d7cf56e02e77a7438f3bd6294"
            },
            "require": {
                "ext-curl": "*",
                "ext-json": "*",
                "ext-mbstring": "*",
                "guzzlehttp/guzzle": "^6.2",
                "php": ">=7.2"
            },
            "require-dev": {
                "friendsofphp/php-cs-fixer": "~2.12",
                "phpspec/phpspec": "^6.1",
                "phpunit/phpunit": "^8.5"
            },
            "type": "library",
            "autoload": {
                "psr-4": {
                    "HubSpot\\Client\\": "codegen/",
                    "HubSpot\\": "lib/",
                    "Hubspot\\Tests\\": "tests/"
                }
            },
            "license": [
                "proprietary"
            ],
            "authors": [
                {
                    "name": "HubSpot",
                    "homepage": "https://hubspot.com/"
                }
            ],
            "description": "Hubspot API client",
            "homepage": "https://hubspot.com/",
            "keywords": [
                "api",
                "hubspot",
                "php",
                "sdk",
                "swagger"
            ]
        },
        {
            "name": "monolog/monolog",
            "version": "dev-master",
            "source": {
                "type": "git",
                "url": "https://github.com/Seldaek/monolog.git",
                "reference": "bec314a9c14ce8a40650cf13923f5941ef1bfe0a"
            },
            "dist": {
                "type": "zip",
                "url": "https://api.github.com/repos/Seldaek/monolog/zipball/bec314a9c14ce8a40650cf13923f5941ef1bfe0a",
                "reference": "bec314a9c14ce8a40650cf13923f5941ef1bfe0a",
                "shasum": ""
            },
            "require": {
                "php": "^7.2",
                "psr/log": "^1.0.1"
            },
            "provide": {
                "psr/log-implementation": "1.0.0"
            },
            "require-dev": {
                "aws/aws-sdk-php": "^2.4.9 || ^3.0",
                "doctrine/couchdb": "~1.0@dev",
                "elasticsearch/elasticsearch": "^6.0",
                "graylog2/gelf-php": "^1.4.2",
                "jakub-onderka/php-parallel-lint": "^0.9",
                "php-amqplib/php-amqplib": "~2.4",
                "php-console/php-console": "^3.1.3",
                "phpspec/prophecy": "^1.6.1",
                "phpunit/phpunit": "^8.3",
                "predis/predis": "^1.1",
                "rollbar/rollbar": "^1.3",
                "ruflin/elastica": ">=0.90 <3.0",
                "swiftmailer/swiftmailer": "^5.3|^6.0"
            },
            "suggest": {
                "aws/aws-sdk-php": "Allow sending log messages to AWS services like DynamoDB",
                "doctrine/couchdb": "Allow sending log messages to a CouchDB server",
                "elasticsearch/elasticsearch": "Allow sending log messages to an Elasticsearch server via official client",
                "ext-amqp": "Allow sending log messages to an AMQP server (1.0+ required)",
                "ext-mbstring": "Allow to work properly with unicode symbols",
                "ext-mongodb": "Allow sending log messages to a MongoDB server (via driver)",
                "graylog2/gelf-php": "Allow sending log messages to a GrayLog2 server",
                "mongodb/mongodb": "Allow sending log messages to a MongoDB server (via library)",
                "php-amqplib/php-amqplib": "Allow sending log messages to an AMQP server using php-amqplib",
                "php-console/php-console": "Allow sending log messages to Google Chrome",
                "rollbar/rollbar": "Allow sending log messages to Rollbar",
                "ruflin/elastica": "Allow sending log messages to an Elastic Search server"
            },
            "type": "library",
            "extra": {
                "branch-alias": {
                    "dev-master": "2.x-dev"
                }
            },
            "autoload": {
                "psr-4": {
                    "Monolog\\": "src/Monolog"
                }
            },
            "notification-url": "https://packagist.org/downloads/",
            "license": [
                "MIT"
            ],
            "authors": [
                {
                    "name": "Jordi Boggiano",
                    "email": "j.boggiano@seld.be",
                    "homepage": "http://seld.be"
                }
            ],
            "description": "Sends your logs to files, sockets, inboxes, databases and various web services",
            "homepage": "http://github.com/Seldaek/monolog",
            "keywords": [
                "log",
                "logging",
                "psr-3"
            ],
            "time": "2020-02-19T14:44:17+00:00"
        },
        {
            "name": "psr/cache",
            "version": "dev-master",
            "source": {
                "type": "git",
                "url": "https://github.com/php-fig/cache.git",
                "reference": "b9aa2cd4dd36cec02779bee07ee9dab8bd2d07d7"
            },
            "dist": {
                "type": "zip",
                "url": "https://api.github.com/repos/php-fig/cache/zipball/b9aa2cd4dd36cec02779bee07ee9dab8bd2d07d7",
                "reference": "b9aa2cd4dd36cec02779bee07ee9dab8bd2d07d7",
                "shasum": ""
            },
            "require": {
                "php": ">=5.3.0"
            },
            "type": "library",
            "extra": {
                "branch-alias": {
                    "dev-master": "1.0.x-dev"
                }
            },
            "autoload": {
                "psr-4": {
                    "Psr\\Cache\\": "src/"
                }
            },
            "notification-url": "https://packagist.org/downloads/",
            "license": [
                "MIT"
            ],
            "authors": [
                {
                    "name": "PHP-FIG",
                    "homepage": "http://www.php-fig.org/"
                }
            ],
            "description": "Common interface for caching libraries",
            "keywords": [
                "cache",
                "psr",
                "psr-6"
            ],
            "time": "2019-10-04T14:04:41+00:00"
        },
        {
            "name": "psr/http-message",
            "version": "dev-master",
            "source": {
                "type": "git",
                "url": "https://github.com/php-fig/http-message.git",
                "reference": "efd67d1dc14a7ef4fc4e518e7dee91c271d524e4"
            },
            "dist": {
                "type": "zip",
                "url": "https://api.github.com/repos/php-fig/http-message/zipball/efd67d1dc14a7ef4fc4e518e7dee91c271d524e4",
                "reference": "efd67d1dc14a7ef4fc4e518e7dee91c271d524e4",
                "shasum": ""
            },
            "require": {
                "php": ">=5.3.0"
            },
            "type": "library",
            "extra": {
                "branch-alias": {
                    "dev-master": "1.0.x-dev"
                }
            },
            "autoload": {
                "psr-4": {
                    "Psr\\Http\\Message\\": "src/"
                }
            },
            "notification-url": "https://packagist.org/downloads/",
            "license": [
                "MIT"
            ],
            "authors": [
                {
                    "name": "PHP-FIG",
                    "homepage": "http://www.php-fig.org/"
                }
            ],
            "description": "Common interface for HTTP messages",
            "homepage": "https://github.com/php-fig/http-message",
            "keywords": [
                "http",
                "http-message",
                "psr",
                "psr-7",
                "request",
                "response"
            ],
            "time": "2019-08-29T13:16:46+00:00"
        },
        {
            "name": "psr/log",
            "version": "dev-master",
            "source": {
                "type": "git",
                "url": "https://github.com/php-fig/log.git",
                "reference": "0f73288fd15629204f9d42b7055f72dacbe811fc"
            },
            "dist": {
                "type": "zip",
                "url": "https://api.github.com/repos/php-fig/log/zipball/0f73288fd15629204f9d42b7055f72dacbe811fc",
                "reference": "0f73288fd15629204f9d42b7055f72dacbe811fc",
                "shasum": ""
            },
            "require": {
                "php": ">=5.3.0"
            },
            "type": "library",
            "extra": {
                "branch-alias": {
                    "dev-master": "1.1.x-dev"
                }
            },
            "autoload": {
                "psr-4": {
                    "Psr\\Log\\": "Psr/Log/"
                }
            },
            "notification-url": "https://packagist.org/downloads/",
            "license": [
                "MIT"
            ],
            "authors": [
                {
                    "name": "PHP-FIG",
                    "homepage": "http://www.php-fig.org/"
                }
            ],
            "description": "Common interface for logging libraries",
            "homepage": "https://github.com/php-fig/log",
            "keywords": [
                "log",
                "psr",
                "psr-3"
            ],
            "time": "2020-03-23T09:12:05+00:00"
        },
        {
            "name": "ralouphie/getallheaders",
            "version": "3.0.3",
            "source": {
                "type": "git",
                "url": "https://github.com/ralouphie/getallheaders.git",
                "reference": "120b605dfeb996808c31b6477290a714d356e822"
            },
            "dist": {
                "type": "zip",
                "url": "https://api.github.com/repos/ralouphie/getallheaders/zipball/120b605dfeb996808c31b6477290a714d356e822",
                "reference": "120b605dfeb996808c31b6477290a714d356e822",
                "shasum": ""
            },
            "require": {
                "php": ">=5.6"
            },
            "require-dev": {
                "php-coveralls/php-coveralls": "^2.1",
                "phpunit/phpunit": "^5 || ^6.5"
            },
            "type": "library",
            "autoload": {
                "files": [
                    "src/getallheaders.php"
                ]
            },
            "notification-url": "https://packagist.org/downloads/",
            "license": [
                "MIT"
            ],
            "authors": [
                {
                    "name": "Ralph Khattar",
                    "email": "ralph.khattar@gmail.com"
                }
            ],
            "description": "A polyfill for getallheaders.",
            "time": "2019-03-08T08:55:37+00:00"
        },
        {
            "name": "symfony/polyfill-intl-idn",
            "version": "dev-master",
            "source": {
                "type": "git",
                "url": "https://github.com/symfony/polyfill-intl-idn.git",
                "reference": "47bd6aa45beb1cd7c6a16b7d1810133b728bdfcf"
            },
            "dist": {
                "type": "zip",
                "url": "https://api.github.com/repos/symfony/polyfill-intl-idn/zipball/47bd6aa45beb1cd7c6a16b7d1810133b728bdfcf",
                "reference": "47bd6aa45beb1cd7c6a16b7d1810133b728bdfcf",
                "shasum": ""
            },
            "require": {
                "php": ">=5.3.3",
                "symfony/polyfill-mbstring": "^1.3",
                "symfony/polyfill-php72": "^1.10"
            },
            "suggest": {
                "ext-intl": "For best performance"
            },
            "type": "library",
            "extra": {
                "branch-alias": {
                    "dev-master": "1.15-dev"
                }
            },
            "autoload": {
                "psr-4": {
                    "Symfony\\Polyfill\\Intl\\Idn\\": ""
                },
                "files": [
                    "bootstrap.php"
                ]
            },
            "notification-url": "https://packagist.org/downloads/",
            "license": [
                "MIT"
            ],
            "authors": [
                {
                    "name": "Laurent Bassin",
                    "email": "laurent@bassin.info"
                },
                {
                    "name": "Symfony Community",
                    "homepage": "https://symfony.com/contributors"
                }
            ],
            "description": "Symfony polyfill for intl's idn_to_ascii and idn_to_utf8 functions",
            "homepage": "https://symfony.com",
            "keywords": [
                "compatibility",
                "idn",
                "intl",
                "polyfill",
                "portable",
                "shim"
            ],
            "funding": [
                {
                    "url": "https://symfony.com/sponsor",
                    "type": "custom"
                },
                {
                    "url": "https://github.com/fabpot",
                    "type": "github"
                },
                {
                    "url": "https://tidelift.com/funding/github/packagist/symfony/symfony",
                    "type": "tidelift"
                }
            ],
            "time": "2020-03-09T19:04:49+00:00"
        },
        {
            "name": "symfony/polyfill-mbstring",
            "version": "dev-master",
            "source": {
                "type": "git",
                "url": "https://github.com/symfony/polyfill-mbstring.git",
                "reference": "81ffd3a9c6d707be22e3012b827de1c9775fc5ac"
            },
            "dist": {
                "type": "zip",
                "url": "https://api.github.com/repos/symfony/polyfill-mbstring/zipball/81ffd3a9c6d707be22e3012b827de1c9775fc5ac",
                "reference": "81ffd3a9c6d707be22e3012b827de1c9775fc5ac",
                "shasum": ""
            },
            "require": {
                "php": ">=5.3.3"
            },
            "suggest": {
                "ext-mbstring": "For best performance"
            },
            "type": "library",
            "extra": {
                "branch-alias": {
                    "dev-master": "1.15-dev"
                }
            },
            "autoload": {
                "psr-4": {
                    "Symfony\\Polyfill\\Mbstring\\": ""
                },
                "files": [
                    "bootstrap.php"
                ]
            },
            "notification-url": "https://packagist.org/downloads/",
            "license": [
                "MIT"
            ],
            "authors": [
                {
                    "name": "Nicolas Grekas",
                    "email": "p@tchwork.com"
                },
                {
                    "name": "Symfony Community",
                    "homepage": "https://symfony.com/contributors"
                }
            ],
            "description": "Symfony polyfill for the Mbstring extension",
            "homepage": "https://symfony.com",
            "keywords": [
                "compatibility",
                "mbstring",
                "polyfill",
                "portable",
                "shim"
            ],
            "funding": [
                {
                    "url": "https://symfony.com/sponsor",
                    "type": "custom"
                },
                {
                    "url": "https://github.com/fabpot",
                    "type": "github"
                },
                {
                    "url": "https://tidelift.com/funding/github/packagist/symfony/symfony",
                    "type": "tidelift"
                }
            ],
            "time": "2020-03-09T19:04:49+00:00"
        },
        {
            "name": "symfony/polyfill-php72",
            "version": "dev-master",
            "source": {
                "type": "git",
                "url": "https://github.com/symfony/polyfill-php72.git",
                "reference": "41d115ace412a5a006a92f29a51c7d863e28482b"
            },
            "dist": {
                "type": "zip",
                "url": "https://api.github.com/repos/symfony/polyfill-php72/zipball/41d115ace412a5a006a92f29a51c7d863e28482b",
                "reference": "41d115ace412a5a006a92f29a51c7d863e28482b",
                "shasum": ""
            },
            "require": {
                "php": ">=5.3.3"
            },
            "type": "library",
            "extra": {
                "branch-alias": {
                    "dev-master": "1.15-dev"
                }
            },
            "autoload": {
                "psr-4": {
                    "Symfony\\Polyfill\\Php72\\": ""
                },
                "files": [
                    "bootstrap.php"
                ]
            },
            "notification-url": "https://packagist.org/downloads/",
            "license": [
                "MIT"
            ],
            "authors": [
                {
                    "name": "Nicolas Grekas",
                    "email": "p@tchwork.com"
                },
                {
                    "name": "Symfony Community",
                    "homepage": "https://symfony.com/contributors"
                }
            ],
            "description": "Symfony polyfill backporting some PHP 7.2+ features to lower PHP versions",
            "homepage": "https://symfony.com",
            "keywords": [
                "compatibility",
                "polyfill",
                "portable",
                "shim"
            ],
            "funding": [
                {
                    "url": "https://symfony.com/sponsor",
                    "type": "custom"
                },
                {
                    "url": "https://github.com/fabpot",
                    "type": "github"
                },
                {
                    "url": "https://tidelift.com/funding/github/packagist/symfony/symfony",
                    "type": "tidelift"
                }
            ],
            "time": "2020-04-13T15:22:19+00:00"
        }
    ],
    "packages-dev": [],
    "aliases": [],
    "minimum-stability": "dev",
    "stability-flags": [],
    "prefer-stable": false,
    "prefer-lowest": false,
    "platform": {
        "ext-curl": "*",
        "ext-json": "*",
        "ext-pdo": "*"
    },
    "platform-dev": [],
    "plugin-api-version": "1.1.0"
}
