{
    "_readme": [
        "This file locks the dependencies of your project to a known state",
        "Read more about it at https://getcomposer.org/doc/01-basic-usage.md#installing-dependencies",
        "This file is @generated automatically"
    ],
    "content-hash": "fd3c71f19607886ebb78f64338fa54f5",
    "packages": [
        {
            "name": "byjg/anydataset",
            "version": "4.0.1",
            "source": {
                "type": "git",
                "url": "https://github.com/byjg/anydataset.git",
                "reference": "73be85447d4a4c21541f576ecbee09fe59a0abd8"
            },
            "dist": {
                "type": "zip",
                "url": "https://api.github.com/repos/byjg/anydataset/zipball/73be85447d4a4c21541f576ecbee09fe59a0abd8",
                "reference": "73be85447d4a4c21541f576ecbee09fe59a0abd8",
                "shasum": ""
            },
            "require": {
                "byjg/serializer": "1.0.*",
                "byjg/xmlutil": "1.0.*",
                "php": ">=5.6.0"
            },
            "require-dev": {
                "phpunit/phpunit": "5.7.*|7.4.*"
            },
            "suggest": {
                "ext-dom": "*"
            },
            "type": "library",
            "autoload": {
                "psr-4": {
                    "ByJG\\AnyDataset\\Core\\": "src/"
                }
            },
            "notification-url": "https://packagist.org/downloads/",
            "license": [
                "MIT"
            ],
            "authors": [
                {
                    "name": "João Gilberto Magalhães",
                    "email": "joao@byjg.com.br"
                }
            ],
            "description": "Anydataset is an agnostic data source abstraction layer in PHP. Core Module.",
            "time": "2020-04-11T16:50:42+00:00"
        },
        {
            "name": "byjg/anydataset-array",
            "version": "4.0.0",
            "source": {
                "type": "git",
                "url": "https://github.com/byjg/anydataset-array.git",
                "reference": "e66aa343b8ccd32baec0545120ea9948e1d0b0c5"
            },
            "dist": {
                "type": "zip",
                "url": "https://api.github.com/repos/byjg/anydataset-array/zipball/e66aa343b8ccd32baec0545120ea9948e1d0b0c5",
                "reference": "e66aa343b8ccd32baec0545120ea9948e1d0b0c5",
                "shasum": ""
            },
            "require": {
                "byjg/anydataset": "4.0.*",
                "php": ">=5.6.0"
            },
            "require-dev": {
                "phpunit/phpunit": ">5.7"
            },
            "type": "library",
            "autoload": {
                "psr-4": {
                    "ByJG\\AnyDataset\\Lists\\": "src/"
                }
            },
            "notification-url": "https://packagist.org/downloads/",
            "license": [
                "MIT"
            ],
            "authors": [
                {
                    "name": "João Gilberto Magalhães",
                    "email": "joao@byjg.com.br"
                }
            ],
            "description": "Anydataset Array abstraction. Anydataset is an agnostic data source abstraction layer in PHP.",
            "time": "2018-11-24T15:20:06+00:00"
        },
        {
            "name": "byjg/anydataset-db",
            "version": "4.0.3",
            "source": {
                "type": "git",
                "url": "https://github.com/byjg/anydataset-db.git",
                "reference": "285da83562d5ff73af58a96e65b70a3ab295a823"
            },
            "dist": {
                "type": "zip",
                "url": "https://api.github.com/repos/byjg/anydataset-db/zipball/285da83562d5ff73af58a96e65b70a3ab295a823",
                "reference": "285da83562d5ff73af58a96e65b70a3ab295a823",
                "shasum": ""
            },
            "require": {
                "byjg/anydataset": "4.0.*",
                "byjg/anydataset-array": "4.0.*",
                "byjg/uri": "2.0.*",
                "ext-pdo": "*",
                "php": ">=5.6.0",
                "psr/cache": "1.0.*"
            },
            "require-dev": {
                "byjg/cache-engine": "4.0.*",
                "phpunit/phpunit": "5.7.*|7.4.*"
            },
            "suggest": {
                "byjg/cache-engine": "4.0.*",
                "ext-curl": "*",
                "ext-oci8": "*",
                "ext-pdo_mysql": "*",
                "ext-pdo_pgsql": "*"
            },
            "type": "library",
            "autoload": {
                "psr-4": {
                    "ByJG\\AnyDataset\\Db\\": "src/"
                }
            },
            "notification-url": "https://packagist.org/downloads/",
            "license": [
                "MIT"
            ],
            "authors": [
                {
                    "name": "João Gilberto Magalhães",
                    "email": "joao@byjg.com.br"
                }
            ],
            "description": "Anydataset Database Relational abstraction. Anydataset is an agnostic data source abstraction layer in PHP.",
            "time": "2020-04-02T18:22:52+00:00"
        },
        {
            "name": "byjg/migration",
            "version": "4.0.3",
            "source": {
                "type": "git",
                "url": "https://github.com/byjg/migration.git",
                "reference": "a79949d9164523e2ecd0501a547de450fea3bb2c"
            },
            "dist": {
                "type": "zip",
                "url": "https://api.github.com/repos/byjg/migration/zipball/a79949d9164523e2ecd0501a547de450fea3bb2c",
                "reference": "a79949d9164523e2ecd0501a547de450fea3bb2c",
                "shasum": ""
            },
            "require": {
                "byjg/anydataset-db": "4.0.*",
                "ext-pdo": "*"
            },
            "require-dev": {
                "phpunit/phpunit": "5.7.*|7.4.*"
            },
            "type": "library",
            "autoload": {
                "psr-4": {
                    "ByJG\\DbMigration\\": "src/"
                }
            },
            "notification-url": "https://packagist.org/downloads/",
            "license": [
                "MIT"
            ],
            "authors": [
                {
                    "name": "jg",
                    "email": "joao@byjg.com.br"
                }
            ],
            "description": "Simple library in PHP for database version control. Supports Sqlite, MySql, Sql Server and Postgres.",
            "time": "2020-04-02T05:58:29+00:00"
        },
        {
            "name": "byjg/serializer",
            "version": "1.0.7",
            "source": {
                "type": "git",
                "url": "https://github.com/byjg/serializer.git",
                "reference": "229882fbe5efe0edf195937a39aa2d48912a3f8d"
            },
            "dist": {
                "type": "zip",
                "url": "https://api.github.com/repos/byjg/serializer/zipball/229882fbe5efe0edf195937a39aa2d48912a3f8d",
                "reference": "229882fbe5efe0edf195937a39aa2d48912a3f8d",
                "shasum": ""
            },
            "require": {
                "ext-json": "*",
                "php": ">=5.5"
            },
            "require-dev": {
                "phpunit/phpunit": ">5.7"
            },
            "suggest": {
                "ext-curl": "*"
            },
            "type": "library",
            "autoload": {
                "psr-4": {
                    "ByJG\\Serializer\\": "src/",
                    "Tests\\": "tests"
                }
            },
            "notification-url": "https://packagist.org/downloads/",
            "license": [
                "MIT"
            ],
            "authors": [
                {
                    "name": "João Gilberto Magalhães",
                    "email": "joao@byjg.com.br"
                }
            ],
            "description": "Serialize any object into array and format it JSON or XML",
            "time": "2018-03-09T05:59:31+00:00"
        },
        {
            "name": "byjg/uri",
            "version": "2.0.1",
            "source": {
                "type": "git",
                "url": "https://github.com/byjg/uri.git",
                "reference": "527d458241469d226518f2b760e243258a1e2258"
            },
            "dist": {
                "type": "zip",
                "url": "https://api.github.com/repos/byjg/uri/zipball/527d458241469d226518f2b760e243258a1e2258",
                "reference": "527d458241469d226518f2b760e243258a1e2258",
                "shasum": ""
            },
            "require": {
                "php": ">=5.4.0",
                "psr/http-message": "~1.0"
            },
            "require-dev": {
                "phpunit/phpunit": "5.7.*|7.4.*"
            },
            "type": "library",
            "autoload": {
                "psr-4": {
                    "ByJG\\Util\\": "src/"
                }
            },
            "notification-url": "https://packagist.org/downloads/",
            "license": [
                "MIT"
            ],
            "authors": [
                {
                    "name": "João Gilberto Magalhães",
                    "email": "joao@byjg.com.br"
                }
            ],
            "description": "An implementation of PSR UriInterface ",
            "time": "2020-04-10T16:08:00+00:00"
        },
        {
            "name": "byjg/xmlutil",
            "version": "1.0.6",
            "source": {
                "type": "git",
                "url": "https://github.com/byjg/xmlutil.git",
                "reference": "9f82339931252b7990596d07f365c765e3dbbad3"
            },
            "dist": {
                "type": "zip",
                "url": "https://api.github.com/repos/byjg/xmlutil/zipball/9f82339931252b7990596d07f365c765e3dbbad3",
                "reference": "9f82339931252b7990596d07f365c765e3dbbad3",
                "shasum": ""
            },
            "require": {
                "php": ">=5.4.0"
            },
            "require-dev": {
                "phpunit/phpunit": ">5.7"
            },
            "type": "library",
            "autoload": {
                "psr-4": {
                    "ByJG\\Util\\": "src/"
                }
            },
            "notification-url": "https://packagist.org/downloads/",
            "license": [
                "MIT"
            ],
            "authors": [
                {
                    "name": "João Gilberto Magalhães",
                    "email": "joao@byjg.com.br"
                }
            ],
            "description": "A utility class to make easy work with XML in PHP.",
            "time": "2018-03-10T14:43:36+00:00"
        },
        {
            "name": "guzzlehttp/guzzle",
            "version": "6.5.x-dev",
            "source": {
                "type": "git",
                "url": "https://github.com/guzzle/guzzle.git",
                "reference": "e8ed4dbf49b260ff129ff0e0400718c3269971bf"
            },
            "dist": {
                "type": "zip",
                "url": "https://api.github.com/repos/guzzle/guzzle/zipball/e8ed4dbf49b260ff129ff0e0400718c3269971bf",
                "reference": "e8ed4dbf49b260ff129ff0e0400718c3269971bf",
                "shasum": ""
            },
            "require": {
                "ext-json": "*",
                "guzzlehttp/promises": "^1.0",
                "guzzlehttp/psr7": "^1.6.1",
                "php": ">=5.5",
                "symfony/polyfill-intl-idn": "^1.17.0"
            },
            "require-dev": {
                "ext-curl": "*",
                "phpunit/phpunit": "^4.8.35 || ^5.7 || ^6.4 || ^7.0",
                "psr/log": "^1.1"
            },
            "suggest": {
                "psr/log": "Required for using the Log middleware"
            },
            "type": "library",
            "extra": {
                "branch-alias": {
                    "dev-master": "6.5-dev"
                }
            },
            "autoload": {
                "psr-4": {
                    "GuzzleHttp\\": "src/"
                },
                "files": [
                    "src/functions_include.php"
                ]
            },
            "notification-url": "https://packagist.org/downloads/",
            "license": [
                "MIT"
            ],
            "authors": [
                {
                    "name": "Michael Dowling",
                    "email": "mtdowling@gmail.com",
                    "homepage": "https://github.com/mtdowling"
                }
            ],
            "description": "Guzzle is a PHP HTTP client library",
            "homepage": "http://guzzlephp.org/",
            "keywords": [
                "client",
                "curl",
                "framework",
                "http",
                "http client",
                "rest",
                "web service"
            ],
            "funding": [
                {
                    "url": "https://github.com/GrahamCampbell",
                    "type": "github"
                },
                {
                    "url": "https://github.com/Nyholm",
                    "type": "github"
                },
                {
                    "url": "https://github.com/alexeyshockov",
                    "type": "github"
                },
                {
                    "url": "https://github.com/gmponos",
                    "type": "github"
                },
                {
                    "url": "https://github.com/sagikazarmark",
                    "type": "github"
                }
            ],
            "time": "2020-07-02T06:52:04+00:00"
        },
        {
            "name": "guzzlehttp/promises",
            "version": "dev-master",
            "source": {
                "type": "git",
                "url": "https://github.com/guzzle/promises.git",
                "reference": "bbf3b200bc83c1e9298580a9f99b9be248543467"
            },
            "dist": {
                "type": "zip",
                "url": "https://api.github.com/repos/guzzle/promises/zipball/bbf3b200bc83c1e9298580a9f99b9be248543467",
                "reference": "bbf3b200bc83c1e9298580a9f99b9be248543467",
                "shasum": ""
            },
            "require": {
                "php": ">=5.5"
            },
            "require-dev": {
                "phpunit/phpunit": "^4.8.36 || ^5.7.27 || ^7.5"
            },
            "type": "library",
            "extra": {
                "branch-alias": {
                    "dev-master": "1.3-dev"
                }
            },
            "autoload": {
                "psr-4": {
                    "GuzzleHttp\\Promise\\": "src/"
                },
                "files": [
                    "src/functions_include.php"
                ]
            },
            "notification-url": "https://packagist.org/downloads/",
            "license": [
                "MIT"
            ],
            "authors": [
                {
                    "name": "Michael Dowling",
                    "email": "mtdowling@gmail.com",
                    "homepage": "https://github.com/mtdowling"
                }
            ],
            "description": "Guzzle promises library",
            "keywords": [
                "promise"
            ],
            "time": "2020-06-21T23:10:57+00:00"
        },
        {
            "name": "guzzlehttp/psr7",
            "version": "1.x-dev",
            "source": {
                "type": "git",
                "url": "https://github.com/guzzle/psr7.git",
                "reference": "188cc82398f157483976ccf61bd04ee80afcf29c"
            },
            "dist": {
                "type": "zip",
                "url": "https://api.github.com/repos/guzzle/psr7/zipball/188cc82398f157483976ccf61bd04ee80afcf29c",
                "reference": "188cc82398f157483976ccf61bd04ee80afcf29c",
                "shasum": ""
            },
            "require": {
                "php": ">=5.4.0",
                "psr/http-message": "~1.0",
                "ralouphie/getallheaders": "^2.0.5 || ^3.0.0"
            },
            "provide": {
                "psr/http-message-implementation": "1.0"
            },
            "require-dev": {
                "ext-zlib": "*",
                "phpunit/phpunit": "~4.8.36 || ^5.7.27 || ^6.5.8"
            },
            "suggest": {
                "laminas/laminas-httphandlerrunner": "Emit PSR-7 responses"
            },
            "type": "library",
            "extra": {
                "branch-alias": {
                    "dev-master": "1.6-dev"
                }
            },
            "autoload": {
                "psr-4": {
                    "GuzzleHttp\\Psr7\\": "src/"
                },
                "files": [
                    "src/functions_include.php"
                ]
            },
            "notification-url": "https://packagist.org/downloads/",
            "license": [
                "MIT"
            ],
            "authors": [
                {
                    "name": "Michael Dowling",
                    "email": "mtdowling@gmail.com",
                    "homepage": "https://github.com/mtdowling"
                },
                {
                    "name": "Tobias Schultze",
                    "homepage": "https://github.com/Tobion"
                }
            ],
            "description": "PSR-7 message implementation that also provides common utility methods",
            "keywords": [
                "http",
                "message",
                "psr-7",
                "request",
                "response",
                "stream",
                "uri",
                "url"
            ],
            "time": "2020-05-17T20:05:25+00:00"
        },
        {
            "name": "hubspot/api-client",
            "version": "1.3.1",
            "dist": {
                "type": "path",
                "url": "/sdk",
                "reference": "5e8103e684ab4d23a92815d25fa409c9c08cbbf9"
            },
            "require": {
                "ext-curl": "*",
                "ext-json": "*",
                "ext-mbstring": "*",
                "guzzlehttp/guzzle": "^6.2",
                "php": ">=7.2"
            },
            "require-dev": {
                "friendsofphp/php-cs-fixer": "~2.12",
                "phpspec/phpspec": "^6.1",
                "phpunit/phpunit": "^8.5"
            },
            "type": "library",
            "autoload": {
                "psr-4": {
                    "HubSpot\\Client\\": "codegen/",
                    "HubSpot\\": "lib/",
                    "Hubspot\\Tests\\": "tests/"
                }
            },
            "license": [
                "proprietary"
            ],
            "authors": [
                {
                    "name": "HubSpot",
                    "homepage": "https://hubspot.com/"
                }
            ],
            "description": "Hubspot API client",
            "homepage": "https://hubspot.com/",
            "keywords": [
                "api",
                "hubspot",
                "php",
                "sdk",
                "swagger"
            ],
            "transport-options": {
                "relative": false
            }
        },
        {
            "name": "paragonie/random_compat",
            "version": "v9.99.99.x-dev",
            "source": {
                "type": "git",
                "url": "https://github.com/paragonie/random_compat.git",
                "reference": "0947f25b883d4172df340a0d95f1b7cdabc5368a"
            },
            "dist": {
                "type": "zip",
                "url": "https://api.github.com/repos/paragonie/random_compat/zipball/0947f25b883d4172df340a0d95f1b7cdabc5368a",
                "reference": "0947f25b883d4172df340a0d95f1b7cdabc5368a",
                "shasum": ""
            },
            "require": {
                "php": "^7"
            },
            "require-dev": {
                "phpunit/phpunit": "4.*|5.*",
                "vimeo/psalm": "^1"
            },
            "type": "library",
            "notification-url": "https://packagist.org/downloads/",
            "license": [
                "MIT"
            ],
            "authors": [
                {
                    "name": "Paragon Initiative Enterprises",
                    "email": "security@paragonie.com",
                    "homepage": "https://paragonie.com"
                }
            ],
            "description": "PHP 5.x polyfill for random_bytes() and random_int() from PHP 7",
            "keywords": [
                "csprng",
                "polyfill",
                "pseudorandom",
                "random"
            ],
            "time": "2018-08-07T13:07:48+00:00"
        },
        {
            "name": "predis/predis",
            "version": "v1.1.x-dev",
            "source": {
                "type": "git",
                "url": "https://github.com/nrk/predis.git",
                "reference": "111d100ee389d624036b46b35ed0c9ac59c71313"
            },
            "dist": {
                "type": "zip",
                "url": "https://api.github.com/repos/nrk/predis/zipball/111d100ee389d624036b46b35ed0c9ac59c71313",
                "reference": "111d100ee389d624036b46b35ed0c9ac59c71313",
                "shasum": ""
            },
            "require": {
                "php": ">=5.3.9"
            },
            "require-dev": {
                "phpunit/phpunit": "~4.8"
            },
            "suggest": {
                "ext-curl": "Allows access to Webdis when paired with phpiredis",
                "ext-phpiredis": "Allows faster serialization and deserialization of the Redis protocol"
            },
            "type": "library",
            "autoload": {
                "psr-4": {
                    "Predis\\": "src/"
                }
            },
            "notification-url": "https://packagist.org/downloads/",
            "license": [
                "MIT"
            ],
            "authors": [
                {
                    "name": "Daniele Alessandri",
                    "email": "suppakilla@gmail.com",
                    "homepage": "http://clorophilla.net"
                }
            ],
            "description": "Flexible and feature-complete Redis client for PHP and HHVM",
            "homepage": "http://github.com/nrk/predis",
            "keywords": [
                "nosql",
                "predis",
                "redis"
            ],
            "time": "2017-07-12T14:39:17+00:00"
        },
        {
            "name": "psr/cache",
            "version": "dev-master",
            "source": {
                "type": "git",
                "url": "https://github.com/php-fig/cache.git",
                "reference": "b9aa2cd4dd36cec02779bee07ee9dab8bd2d07d7"
            },
            "dist": {
                "type": "zip",
                "url": "https://api.github.com/repos/php-fig/cache/zipball/b9aa2cd4dd36cec02779bee07ee9dab8bd2d07d7",
                "reference": "b9aa2cd4dd36cec02779bee07ee9dab8bd2d07d7",
                "shasum": ""
            },
            "require": {
                "php": ">=5.3.0"
            },
            "type": "library",
            "extra": {
                "branch-alias": {
                    "dev-master": "1.0.x-dev"
                }
            },
            "autoload": {
                "psr-4": {
                    "Psr\\Cache\\": "src/"
                }
            },
            "notification-url": "https://packagist.org/downloads/",
            "license": [
                "MIT"
            ],
            "authors": [
                {
                    "name": "PHP-FIG",
                    "homepage": "http://www.php-fig.org/"
                }
            ],
            "description": "Common interface for caching libraries",
            "keywords": [
                "cache",
                "psr",
                "psr-6"
            ],
            "time": "2019-10-04T14:04:41+00:00"
        },
        {
            "name": "psr/http-message",
            "version": "dev-master",
            "source": {
                "type": "git",
                "url": "https://github.com/php-fig/http-message.git",
                "reference": "efd67d1dc14a7ef4fc4e518e7dee91c271d524e4"
            },
            "dist": {
                "type": "zip",
                "url": "https://api.github.com/repos/php-fig/http-message/zipball/efd67d1dc14a7ef4fc4e518e7dee91c271d524e4",
                "reference": "efd67d1dc14a7ef4fc4e518e7dee91c271d524e4",
                "shasum": ""
            },
            "require": {
                "php": ">=5.3.0"
            },
            "type": "library",
            "extra": {
                "branch-alias": {
                    "dev-master": "1.0.x-dev"
                }
            },
            "autoload": {
                "psr-4": {
                    "Psr\\Http\\Message\\": "src/"
                }
            },
            "notification-url": "https://packagist.org/downloads/",
            "license": [
                "MIT"
            ],
            "authors": [
                {
                    "name": "PHP-FIG",
                    "homepage": "http://www.php-fig.org/"
                }
            ],
            "description": "Common interface for HTTP messages",
            "homepage": "https://github.com/php-fig/http-message",
            "keywords": [
                "http",
                "http-message",
                "psr",
                "psr-7",
                "request",
                "response"
            ],
            "time": "2019-08-29T13:16:46+00:00"
        },
        {
            "name": "ralouphie/getallheaders",
            "version": "3.0.3",
            "source": {
                "type": "git",
                "url": "https://github.com/ralouphie/getallheaders.git",
                "reference": "120b605dfeb996808c31b6477290a714d356e822"
            },
            "dist": {
                "type": "zip",
                "url": "https://api.github.com/repos/ralouphie/getallheaders/zipball/120b605dfeb996808c31b6477290a714d356e822",
                "reference": "120b605dfeb996808c31b6477290a714d356e822",
                "shasum": ""
            },
            "require": {
                "php": ">=5.6"
            },
            "require-dev": {
                "php-coveralls/php-coveralls": "^2.1",
                "phpunit/phpunit": "^5 || ^6.5"
            },
            "type": "library",
            "autoload": {
                "files": [
                    "src/getallheaders.php"
                ]
            },
            "notification-url": "https://packagist.org/downloads/",
            "license": [
                "MIT"
            ],
            "authors": [
                {
                    "name": "Ralph Khattar",
                    "email": "ralph.khattar@gmail.com"
                }
            ],
            "description": "A polyfill for getallheaders.",
            "time": "2019-03-08T08:55:37+00:00"
        },
        {
            "name": "symfony/polyfill-intl-idn",
            "version": "dev-master",
            "source": {
                "type": "git",
                "url": "https://github.com/symfony/polyfill-intl-idn.git",
                "reference": "bc6549d068d0160e0f10f7a5a23c7d1406b95ebe"
            },
            "dist": {
                "type": "zip",
                "url": "https://api.github.com/repos/symfony/polyfill-intl-idn/zipball/bc6549d068d0160e0f10f7a5a23c7d1406b95ebe",
                "reference": "bc6549d068d0160e0f10f7a5a23c7d1406b95ebe",
                "shasum": ""
            },
            "require": {
                "php": ">=5.3.3",
                "symfony/polyfill-intl-normalizer": "^1.10",
                "symfony/polyfill-php70": "^1.10",
                "symfony/polyfill-php72": "^1.10"
            },
            "suggest": {
                "ext-intl": "For best performance"
            },
            "type": "library",
            "extra": {
                "branch-alias": {
                    "dev-master": "1.18-dev"
                },
                "thanks": {
                    "name": "symfony/polyfill",
                    "url": "https://github.com/symfony/polyfill"
                }
            },
            "autoload": {
                "psr-4": {
                    "Symfony\\Polyfill\\Intl\\Idn\\": ""
                },
                "files": [
                    "bootstrap.php"
                ]
            },
            "notification-url": "https://packagist.org/downloads/",
            "license": [
                "MIT"
            ],
            "authors": [
                {
                    "name": "Laurent Bassin",
                    "email": "laurent@bassin.info"
                },
                {
                    "name": "Trevor Rowbotham",
                    "email": "trevor.rowbotham@pm.me"
                },
                {
                    "name": "Symfony Community",
                    "homepage": "https://symfony.com/contributors"
                }
            ],
            "description": "Symfony polyfill for intl's idn_to_ascii and idn_to_utf8 functions",
            "homepage": "https://symfony.com",
            "keywords": [
                "compatibility",
                "idn",
                "intl",
                "polyfill",
                "portable",
                "shim"
            ],
            "funding": [
                {
                    "url": "https://symfony.com/sponsor",
                    "type": "custom"
                },
                {
                    "url": "https://github.com/fabpot",
                    "type": "github"
                },
                {
                    "url": "https://tidelift.com/funding/github/packagist/symfony/symfony",
                    "type": "tidelift"
                }
            ],
            "time": "2020-07-14T12:35:20+00:00"
        },
        {
            "name": "symfony/polyfill-intl-normalizer",
            "version": "dev-master",
            "source": {
                "type": "git",
                "url": "https://github.com/symfony/polyfill-intl-normalizer.git",
                "reference": "37078a8dd4a2a1e9ab0231af7c6cb671b2ed5a7e"
            },
            "dist": {
                "type": "zip",
                "url": "https://api.github.com/repos/symfony/polyfill-intl-normalizer/zipball/37078a8dd4a2a1e9ab0231af7c6cb671b2ed5a7e",
                "reference": "37078a8dd4a2a1e9ab0231af7c6cb671b2ed5a7e",
                "shasum": ""
            },
            "require": {
                "php": ">=5.3.3"
            },
            "suggest": {
                "ext-intl": "For best performance"
            },
            "type": "library",
            "extra": {
                "branch-alias": {
                    "dev-master": "1.18-dev"
                },
                "thanks": {
                    "name": "symfony/polyfill",
                    "url": "https://github.com/symfony/polyfill"
                }
            },
            "autoload": {
                "psr-4": {
                    "Symfony\\Polyfill\\Intl\\Normalizer\\": ""
                },
                "files": [
                    "bootstrap.php"
                ],
                "classmap": [
                    "Resources/stubs"
                ]
            },
            "notification-url": "https://packagist.org/downloads/",
            "license": [
                "MIT"
            ],
            "authors": [
                {
                    "name": "Nicolas Grekas",
                    "email": "p@tchwork.com"
                },
                {
                    "name": "Symfony Community",
                    "homepage": "https://symfony.com/contributors"
                }
            ],
            "description": "Symfony polyfill for intl's Normalizer class and related functions",
            "homepage": "https://symfony.com",
            "keywords": [
                "compatibility",
                "intl",
                "normalizer",
                "polyfill",
                "portable",
                "shim"
            ],
            "funding": [
                {
                    "url": "https://symfony.com/sponsor",
                    "type": "custom"
                },
                {
                    "url": "https://github.com/fabpot",
                    "type": "github"
                },
                {
                    "url": "https://tidelift.com/funding/github/packagist/symfony/symfony",
                    "type": "tidelift"
                }
            ],
            "time": "2020-07-14T12:35:20+00:00"
        },
        {
            "name": "symfony/polyfill-php70",
            "version": "dev-master",
            "source": {
                "type": "git",
                "url": "https://github.com/symfony/polyfill-php70.git",
                "reference": "0dd93f2c578bdc9c72697eaa5f1dd25644e618d3"
            },
            "dist": {
                "type": "zip",
                "url": "https://api.github.com/repos/symfony/polyfill-php70/zipball/0dd93f2c578bdc9c72697eaa5f1dd25644e618d3",
                "reference": "0dd93f2c578bdc9c72697eaa5f1dd25644e618d3",
                "shasum": ""
            },
            "require": {
                "paragonie/random_compat": "~1.0|~2.0|~9.99",
                "php": ">=5.3.3"
            },
            "type": "library",
            "extra": {
                "branch-alias": {
                    "dev-master": "1.18-dev"
                },
                "thanks": {
                    "name": "symfony/polyfill",
                    "url": "https://github.com/symfony/polyfill"
                }
            },
            "autoload": {
                "psr-4": {
                    "Symfony\\Polyfill\\Php70\\": ""
                },
                "files": [
                    "bootstrap.php"
                ],
                "classmap": [
                    "Resources/stubs"
                ]
            },
            "notification-url": "https://packagist.org/downloads/",
            "license": [
                "MIT"
            ],
            "authors": [
                {
                    "name": "Nicolas Grekas",
                    "email": "p@tchwork.com"
                },
                {
                    "name": "Symfony Community",
                    "homepage": "https://symfony.com/contributors"
                }
            ],
            "description": "Symfony polyfill backporting some PHP 7.0+ features to lower PHP versions",
            "homepage": "https://symfony.com",
            "keywords": [
                "compatibility",
                "polyfill",
                "portable",
                "shim"
            ],
            "funding": [
                {
                    "url": "https://symfony.com/sponsor",
                    "type": "custom"
                },
                {
                    "url": "https://github.com/fabpot",
                    "type": "github"
                },
                {
                    "url": "https://tidelift.com/funding/github/packagist/symfony/symfony",
                    "type": "tidelift"
                }
            ],
            "time": "2020-07-14T12:35:20+00:00"
        },
        {
            "name": "symfony/polyfill-php72",
            "version": "dev-master",
            "source": {
                "type": "git",
                "url": "https://github.com/symfony/polyfill-php72.git",
                "reference": "639447d008615574653fb3bc60d1986d7172eaae"
            },
            "dist": {
                "type": "zip",
                "url": "https://api.github.com/repos/symfony/polyfill-php72/zipball/639447d008615574653fb3bc60d1986d7172eaae",
                "reference": "639447d008615574653fb3bc60d1986d7172eaae",
                "shasum": ""
            },
            "require": {
                "php": ">=5.3.3"
            },
            "type": "library",
            "extra": {
                "branch-alias": {
                    "dev-master": "1.18-dev"
                },
                "thanks": {
                    "name": "symfony/polyfill",
                    "url": "https://github.com/symfony/polyfill"
                }
            },
            "autoload": {
                "psr-4": {
                    "Symfony\\Polyfill\\Php72\\": ""
                },
                "files": [
                    "bootstrap.php"
                ]
            },
            "notification-url": "https://packagist.org/downloads/",
            "license": [
                "MIT"
            ],
            "authors": [
                {
                    "name": "Nicolas Grekas",
                    "email": "p@tchwork.com"
                },
                {
                    "name": "Symfony Community",
                    "homepage": "https://symfony.com/contributors"
                }
            ],
            "description": "Symfony polyfill backporting some PHP 7.2+ features to lower PHP versions",
            "homepage": "https://symfony.com",
            "keywords": [
                "compatibility",
                "polyfill",
                "portable",
                "shim"
            ],
            "funding": [
                {
                    "url": "https://symfony.com/sponsor",
                    "type": "custom"
                },
                {
                    "url": "https://github.com/fabpot",
                    "type": "github"
                },
                {
                    "url": "https://tidelift.com/funding/github/packagist/symfony/symfony",
                    "type": "tidelift"
                }
            ],
            "time": "2020-07-14T12:35:20+00:00"
        }
    ],
    "packages-dev": [],
    "aliases": [],
    "minimum-stability": "dev",
    "stability-flags": [],
    "prefer-stable": false,
    "prefer-lowest": false,
    "platform": {
        "ext-curl": "*",
        "ext-json": "*",
        "ext-pdo": "*"
    },
    "platform-dev": [],
    "plugin-api-version": "1.1.0"
}
